
Microsoft Visual Studio Solution File, Format Version 12.00
# Visual Studio Version 17
VisualStudioVersion = 17.14.36121.58 d17.14
MinimumVisualStudioVersion = 10.0.40219.1
Project("{FAE04EC0-301F-11D3-BF4B-00C04F79EFBC}") = "ProductManagement.MVC", "ProductManagement.MVC\ProductManagement.MVC.csproj", "{24E0192D-7530-4AFD-A549-423D766B5EFB}"
EndProject
Global
	GlobalSection(SolutionConfigurationPlatforms) = preSolution
		Debug|Any CPU = Debug|Any CPU
		Release|Any CPU = Release|Any CPU
	EndGlobalSection
	GlobalSection(ProjectConfigurationPlatforms) = postSolution
		{24E0192D-7530-4AFD-A549-423D766B5EFB}.Debug|Any CPU.ActiveCfg = Debug|Any CPU
		{24E0192D-7530-4AFD-A549-423D766B5EFB}.Debug|Any CPU.Build.0 = Debug|Any CPU
		{24E0192D-7530-4AFD-A549-423D766B5EFB}.Release|Any CPU.ActiveCfg = Release|Any CPU
		{24E0192D-7530-4AFD-A549-423D766B5EFB}.Release|Any CPU.Build.0 = Release|Any CPU
	EndGlobalSection
	GlobalSection(SolutionProperties) = preSolution
		HideSolutionNode = FALSE
	EndGlobalSection
	GlobalSection(ExtensibilityGlobals) = postSolution
		SolutionGuid = {52B5E9AF-18EC-4894-8BB3-5C5BA9CC37AE}
	EndGlobalSection
EndGlobal
